// !$*UTF8*$!
{
	archiveVersion = 1;
	classes = {
	};
	objectVersion = 54;
	objects = {

/* Begin PBXBuildFile section */
		00E356F31AD99517003FC87E /* MovieMiniaTests.m in Sources */ = {isa = PBXBuildFile; fileRef = 00E356F21AD99517003FC87E /* MovieMiniaTests.m */; };
		0C80B921A6F3F58F76C31292 /* libPods-MovieMinia.a in Frameworks */ = {isa = PBXBuildFile; fileRef = 5DCACB8F33CDC322A6C60F78 /* libPods-MovieMinia.a */; };
		13B07FBC1A68108700A75B9A /* AppDelegate.mm in Sources */ = {isa = PBXBuildFile; fileRef = 13B07FB01A68108700A75B9A /* AppDelegate.mm */; };
		13B07FBF1A68108700A75B9A /* Images.xcassets in Resources */ = {isa = PBXBuildFile; fileRef = 13B07FB51A68108700A75B9A /* Images.xcassets */; };
		13B07FC11A68108700A75B9A /* main.m in Sources */ = {isa = PBXBuildFile; fileRef = 13B07FB71A68108700A75B9A /* main.m */; };
		7699B88040F8A987B510C191 /* libPods-MovieMinia-MovieMiniaTests.a in Frameworks */ = {isa = PBXBuildFile; fileRef = 19F6CBCC0A4E27FBF8BF4A61 /* libPods-MovieMinia-MovieMiniaTests.a */; };
		81AB9BB82411601600AC10FF /* LaunchScreen.storyboard in Resources */ = {isa = PBXBuildFile; fileRef = 81AB9BB72411601600AC10FF /* LaunchScreen.storyboard */; };
		562BCA9EC5B544AE8AF2ECD4 /* Railway.otf in Resources */ = {isa = PBXBuildFile; fileRef = 3703076464464A8EAD1F63AE /* Railway.otf */; };
		0680E96C783249ECB43469A9 /* RailwayAlternate.otf in Resources */ = {isa = PBXBuildFile; fileRef = 481D1B85BD3F4C73ABC62925 /* RailwayAlternate.otf */; };
		413B8CDFFA5F41D0AC039557 /* BebasNeue-Regular.ttf in Resources */ = {isa = PBXBuildFile; fileRef = 74E20E2A298444DABE8F04D7 /* BebasNeue-Regular.ttf */; };
		2BE6C2A3442E420AAC60A18B /* Poppins-Black.ttf in Resources */ = {isa = PBXBuildFile; fileRef = 280E56563F604FDEA27A0E18 /* Poppins-Black.ttf */; };
		D7192614401A45C2B4C24D81 /* Poppins-BlackItalic.ttf in Resources */ = {isa = PBXBuildFile; fileRef = EEBB65B6105043CC9997A113 /* Poppins-BlackItalic.ttf */; };
		FC3FA331883F429BAD4AE7A1 /* Poppins-Bold.ttf in Resources */ = {isa = PBXBuildFile; fileRef = 0EB7F38434E3456E860B13C8 /* Poppins-Bold.ttf */; };
		7F146A2FF52E4DBBB9D5755F /* Poppins-BoldItalic.ttf in Resources */ = {isa = PBXBuildFile; fileRef = F62220F93C7F4AC2A35256B7 /* Poppins-BoldItalic.ttf */; };
		DD61D0CC9B7343AEA16ECD7B /* Poppins-ExtraBold.ttf in Resources */ = {isa = PBXBuildFile; fileRef = 63420521DB604061A6CF79A2 /* Poppins-ExtraBold.ttf */; };
		3283BAD81326450AA71096E6 /* Poppins-ExtraBoldItalic.ttf in Resources */ = {isa = PBXBuildFile; fileRef = 3676E6AD0D134DD29072FB3D /* Poppins-ExtraBoldItalic.ttf */; };
		518CBC5506724A6194E49EFA /* Poppins-ExtraLight.ttf in Resources */ = {isa = PBXBuildFile; fileRef = 300F0244BEA347E2B1188610 /* Poppins-ExtraLight.ttf */; };
		499A9577AF3D413BA36113E1 /* Poppins-ExtraLightItalic.ttf in Resources */ = {isa = PBXBuildFile; fileRef = 44F1736F4CD1425CA2B35A77 /* Poppins-ExtraLightItalic.ttf */; };
		875D4E6B1FF04C138D4192A2 /* Poppins-Italic.ttf in Resources */ = {isa = PBXBuildFile; fileRef = 4213065F1FDE40599B82A1FC /* Poppins-Italic.ttf */; };
		F6DC3715E732437DA110BEC0 /* Poppins-Light.ttf in Resources */ = {isa = PBXBuildFile; fileRef = B30AC05469F348508EEC6600 /* Poppins-Light.ttf */; };
		6B760F63FE6744949EB14AEB /* Poppins-LightItalic.ttf in Resources */ = {isa = PBXBuildFile; fileRef = 7578230A5AC347F385F88E91 /* Poppins-LightItalic.ttf */; };
		8E184F931494499C94ABB495 /* Poppins-Medium.ttf in Resources */ = {isa = PBXBuildFile; fileRef = A02DC3CB77A24EEB9D77FA4F /* Poppins-Medium.ttf */; };
		1345EE3AF0914549A7188358 /* Poppins-MediumItalic.ttf in Resources */ = {isa = PBXBuildFile; fileRef = C5AECCCE91C740BC876D50E5 /* Poppins-MediumItalic.ttf */; };
		A4845646D9594D85B81A04CC /* Poppins-Regular.ttf in Resources */ = {isa = PBXBuildFile; fileRef = 9B2FDC2E79824792A6E1E057 /* Poppins-Regular.ttf */; };
		09F5B3ED048D49E2AF7C8A1D /* Poppins-SemiBold.ttf in Resources */ = {isa = PBXBuildFile; fileRef = DB21F99C6519423F87AA1281 /* Poppins-SemiBold.ttf */; };
		E1524E54DF6B412187614E0D /* Poppins-SemiBoldItalic.ttf in Resources */ = {isa = PBXBuildFile; fileRef = 78A11616F6E245B0AA175193 /* Poppins-SemiBoldItalic.ttf */; };
		BDB108DC59B44AF48C8DC27F /* Poppins-Thin.ttf in Resources */ = {isa = PBXBuildFile; fileRef = E293A7109D3C4CA3AAE69795 /* Poppins-Thin.ttf */; };
		EAFC777DDC7842BDA86873BC /* Poppins-ThinItalic.ttf in Resources */ = {isa = PBXBuildFile; fileRef = 3F188E33B2B042D191AA3A0B /* Poppins-ThinItalic.ttf */; };
		C933DFD67C58439FAFEFFEBE /* Raleway-Black.ttf in Resources */ = {isa = PBXBuildFile; fileRef = 47F66ADC8CE4452387975054 /* Raleway-Black.ttf */; };
		C29EC1A50B6B464F9CAD5952 /* Raleway-BlackItalic.ttf in Resources */ = {isa = PBXBuildFile; fileRef = 30E64B3170A249C9A52DD7B9 /* Raleway-BlackItalic.ttf */; };
		DD7AC576BE9A47BEAF83C904 /* Raleway-Bold.ttf in Resources */ = {isa = PBXBuildFile; fileRef = A9774DA985EA477487878BC0 /* Raleway-Bold.ttf */; };
		F5B9231469BF4F5D9809A672 /* Raleway-BoldItalic.ttf in Resources */ = {isa = PBXBuildFile; fileRef = F52BAD1B18144A54A43EAA42 /* Raleway-BoldItalic.ttf */; };
		E458569183A34201ACC061EF /* Raleway-ExtraBold.ttf in Resources */ = {isa = PBXBuildFile; fileRef = 2BD8F7CFD5FF4330B6026A2D /* Raleway-ExtraBold.ttf */; };
		94CD6CE7467F4962BE9849FC /* Raleway-ExtraBoldItalic.ttf in Resources */ = {isa = PBXBuildFile; fileRef = 991E692149A8473586B41199 /* Raleway-ExtraBoldItalic.ttf */; };
		A648462BE5FF4259AC3B2611 /* Raleway-ExtraLight.ttf in Resources */ = {isa = PBXBuildFile; fileRef = 4CF07F870D9C489EBD0B7FE3 /* Raleway-ExtraLight.ttf */; };
		70EE512B9585408BAE130852 /* Raleway-ExtraLightItalic.ttf in Resources */ = {isa = PBXBuildFile; fileRef = AEB8669CD1D04D7CB488612F /* Raleway-ExtraLightItalic.ttf */; };
		A636B62A114A4C0F8A4DC730 /* Raleway-Italic-VariableFont_wght.ttf in Resources */ = {isa = PBXBuildFile; fileRef = 36D732B5E11E4BDDACF61AB4 /* Raleway-Italic-VariableFont_wght.ttf */; };
		96AA92292E394198A5DF50A5 /* Raleway-Italic.ttf in Resources */ = {isa = PBXBuildFile; fileRef = E8E376AF85DC46BAB763BC08 /* Raleway-Italic.ttf */; };
		DE4C9FFE39554C89A6AD9B93 /* Raleway-Light.ttf in Resources */ = {isa = PBXBuildFile; fileRef = 9D7F09B9C51F4B43AB100E39 /* Raleway-Light.ttf */; };
		E0983BA4643D4A4A89C8A37D /* Raleway-LightItalic.ttf in Resources */ = {isa = PBXBuildFile; fileRef = A21784FD325A42DD8FF63089 /* Raleway-LightItalic.ttf */; };
		BC73B833023F46ECA221461C /* Raleway-Medium.ttf in Resources */ = {isa = PBXBuildFile; fileRef = 3161996DE0114FB4994D1D38 /* Raleway-Medium.ttf */; };
		4F7D919828FE4FEAA5B67256 /* Raleway-MediumItalic.ttf in Resources */ = {isa = PBXBuildFile; fileRef = 69DADDA3F4A14CE1AE2B073E /* Raleway-MediumItalic.ttf */; };
		40BAF09E20C54E66ABDE9030 /* Raleway-Regular.ttf in Resources */ = {isa = PBXBuildFile; fileRef = E5D30A96FB66431AA27D7A4A /* Raleway-Regular.ttf */; };
		E90240056041402D96E8ED65 /* Raleway-SemiBold.ttf in Resources */ = {isa = PBXBuildFile; fileRef = E054C6D67429428390680CCD /* Raleway-SemiBold.ttf */; };
		AEA070EF4D9945FCB445D234 /* Raleway-SemiBoldItalic.ttf in Resources */ = {isa = PBXBuildFile; fileRef = BBBF08E97BBF4471B353B719 /* Raleway-SemiBoldItalic.ttf */; };
		9DE73A0E9FD749A882623A6F /* Raleway-Thin.ttf in Resources */ = {isa = PBXBuildFile; fileRef = EBC0924FA329420A96A55ABC /* Raleway-Thin.ttf */; };
		C027B8759D3746899D43E36A /* Raleway-ThinItalic.ttf in Resources */ = {isa = PBXBuildFile; fileRef = 2F638B6291544EFB88374DAD /* Raleway-ThinItalic.ttf */; };
		D9C44EA676E74583B30E5DA1 /* Raleway-VariableFont_wght.ttf in Resources */ = {isa = PBXBuildFile; fileRef = A7B7EAA77BCF44F2A6E4770D /* Raleway-VariableFont_wght.ttf */; };
		A269A0580A2D4251B8BC9C22 /* TiltPrism-Regular-VariableFont_XROT,YROT.ttf in Resources */ = {isa = PBXBuildFile; fileRef = 78AC703C7DDA490CA858FF36 /* TiltPrism-Regular-VariableFont_XROT,YROT.ttf */; };
		73CE1FADB504475F94439B76 /* TiltPrism-Regular.ttf in Resources */ = {isa = PBXBuildFile; fileRef = 6009BD7D87FB48D4B5F111C2 /* TiltPrism-Regular.ttf */; };
		1E6F66C1BC414EA0868DAA50 /* OFL.txt in Resources */ = {isa = PBXBuildFile; fileRef = 0C893B4349384B30B45936EA /* OFL.txt */; };
		452B62DDA3004508BDD4AB3B /* README.txt in Resources */ = {isa = PBXBuildFile; fileRef = BEE8C86BD3A64904A9CE38FA /* README.txt */; };
/* End PBXBuildFile section */

/* Begin PBXContainerItemProxy section */
		00E356F41AD99517003FC87E /* PBXContainerItemProxy */ = {
			isa = PBXContainerItemProxy;
			containerPortal = 83CBB9F71A601CBA00E9B192 /* Project object */;
			proxyType = 1;
			remoteGlobalIDString = 13B07F861A680F5B00A75B9A;
			remoteInfo = MovieMinia;
		};
/* End PBXContainerItemProxy section */

/* Begin PBXFileReference section */
		00E356EE1AD99517003FC87E /* MovieMiniaTests.xctest */ = {isa = PBXFileReference; explicitFileType = wrapper.cfbundle; includeInIndex = 0; path = MovieMiniaTests.xctest; sourceTree = BUILT_PRODUCTS_DIR; };
		00E356F11AD99517003FC87E /* Info.plist */ = {isa = PBXFileReference; lastKnownFileType = text.plist.xml; path = Info.plist; sourceTree = "<group>"; };
		00E356F21AD99517003FC87E /* MovieMiniaTests.m */ = {isa = PBXFileReference; lastKnownFileType = sourcecode.c.objc; path = MovieMiniaTests.m; sourceTree = "<group>"; };
		13B07F961A680F5B00A75B9A /* MovieMinia.app */ = {isa = PBXFileReference; explicitFileType = wrapper.application; includeInIndex = 0; path = MovieMinia.app; sourceTree = BUILT_PRODUCTS_DIR; };
		13B07FAF1A68108700A75B9A /* AppDelegate.h */ = {isa = PBXFileReference; fileEncoding = 4; lastKnownFileType = sourcecode.c.h; name = AppDelegate.h; path = MovieMinia/AppDelegate.h; sourceTree = "<group>"; };
		13B07FB01A68108700A75B9A /* AppDelegate.mm */ = {isa = PBXFileReference; fileEncoding = 4; lastKnownFileType = sourcecode.cpp.objcpp; name = AppDelegate.mm; path = MovieMinia/AppDelegate.mm; sourceTree = "<group>"; };
		13B07FB51A68108700A75B9A /* Images.xcassets */ = {isa = PBXFileReference; lastKnownFileType = folder.assetcatalog; name = Images.xcassets; path = MovieMinia/Images.xcassets; sourceTree = "<group>"; };
		13B07FB61A68108700A75B9A /* Info.plist */ = {isa = PBXFileReference; fileEncoding = 4; lastKnownFileType = text.plist.xml; name = Info.plist; path = MovieMinia/Info.plist; sourceTree = "<group>"; };
		13B07FB71A68108700A75B9A /* main.m */ = {isa = PBXFileReference; fileEncoding = 4; lastKnownFileType = sourcecode.c.objc; name = main.m; path = MovieMinia/main.m; sourceTree = "<group>"; };
		19F6CBCC0A4E27FBF8BF4A61 /* libPods-MovieMinia-MovieMiniaTests.a */ = {isa = PBXFileReference; explicitFileType = archive.ar; includeInIndex = 0; path = "libPods-MovieMinia-MovieMiniaTests.a"; sourceTree = BUILT_PRODUCTS_DIR; };
		3B4392A12AC88292D35C810B /* Pods-MovieMinia.debug.xcconfig */ = {isa = PBXFileReference; includeInIndex = 1; lastKnownFileType = text.xcconfig; name = "Pods-MovieMinia.debug.xcconfig"; path = "Target Support Files/Pods-MovieMinia/Pods-MovieMinia.debug.xcconfig"; sourceTree = "<group>"; };
		5709B34CF0A7D63546082F79 /* Pods-MovieMinia.release.xcconfig */ = {isa = PBXFileReference; includeInIndex = 1; lastKnownFileType = text.xcconfig; name = "Pods-MovieMinia.release.xcconfig"; path = "Target Support Files/Pods-MovieMinia/Pods-MovieMinia.release.xcconfig"; sourceTree = "<group>"; };
		5B7EB9410499542E8C5724F5 /* Pods-MovieMinia-MovieMiniaTests.debug.xcconfig */ = {isa = PBXFileReference; includeInIndex = 1; lastKnownFileType = text.xcconfig; name = "Pods-MovieMinia-MovieMiniaTests.debug.xcconfig"; path = "Target Support Files/Pods-MovieMinia-MovieMiniaTests/Pods-MovieMinia-MovieMiniaTests.debug.xcconfig"; sourceTree = "<group>"; };
		5DCACB8F33CDC322A6C60F78 /* libPods-MovieMinia.a */ = {isa = PBXFileReference; explicitFileType = archive.ar; includeInIndex = 0; path = "libPods-MovieMinia.a"; sourceTree = BUILT_PRODUCTS_DIR; };
		81AB9BB72411601600AC10FF /* LaunchScreen.storyboard */ = {isa = PBXFileReference; fileEncoding = 4; lastKnownFileType = file.storyboard; name = LaunchScreen.storyboard; path = MovieMinia/LaunchScreen.storyboard; sourceTree = "<group>"; };
		89C6BE57DB24E9ADA2F236DE /* Pods-MovieMinia-MovieMiniaTests.release.xcconfig */ = {isa = PBXFileReference; includeInIndex = 1; lastKnownFileType = text.xcconfig; name = "Pods-MovieMinia-MovieMiniaTests.release.xcconfig"; path = "Target Support Files/Pods-MovieMinia-MovieMiniaTests/Pods-MovieMinia-MovieMiniaTests.release.xcconfig"; sourceTree = "<group>"; };
		ED297162215061F000B7C4FE /* JavaScriptCore.framework */ = {isa = PBXFileReference; lastKnownFileType = wrapper.framework; name = JavaScriptCore.framework; path = System/Library/Frameworks/JavaScriptCore.framework; sourceTree = SDKROOT; };
		3703076464464A8EAD1F63AE /* Railway.otf */ = {isa = PBXFileReference; name = "Railway.otf"; path = "../assets/fonts/Railway.otf"; sourceTree = "<group>"; fileEncoding = undefined; lastKnownFileType = unknown; explicitFileType = undefined; includeInIndex = 0; };
		481D1B85BD3F4C73ABC62925 /* RailwayAlternate.otf */ = {isa = PBXFileReference; name = "RailwayAlternate.otf"; path = "../assets/fonts/RailwayAlternate.otf"; sourceTree = "<group>"; fileEncoding = undefined; lastKnownFileType = unknown; explicitFileType = undefined; includeInIndex = 0; };
		74E20E2A298444DABE8F04D7 /* BebasNeue-Regular.ttf */ = {isa = PBXFileReference; name = "BebasNeue-Regular.ttf"; path = "../assets/fonts/BebasNeue-Regular.ttf"; sourceTree = "<group>"; fileEncoding = undefined; lastKnownFileType = unknown; explicitFileType = undefined; includeInIndex = 0; };
		280E56563F604FDEA27A0E18 /* Poppins-Black.ttf */ = {isa = PBXFileReference; name = "Poppins-Black.ttf"; path = "../assets/fonts/Poppins-Black.ttf"; sourceTree = "<group>"; fileEncoding = undefined; lastKnownFileType = unknown; explicitFileType = undefined; includeInIndex = 0; };
		EEBB65B6105043CC9997A113 /* Poppins-BlackItalic.ttf */ = {isa = PBXFileReference; name = "Poppins-BlackItalic.ttf"; path = "../assets/fonts/Poppins-BlackItalic.ttf"; sourceTree = "<group>"; fileEncoding = undefined; lastKnownFileType = unknown; explicitFileType = undefined; includeInIndex = 0; };
		0EB7F38434E3456E860B13C8 /* Poppins-Bold.ttf */ = {isa = PBXFileReference; name = "Poppins-Bold.ttf"; path = "../assets/fonts/Poppins-Bold.ttf"; sourceTree = "<group>"; fileEncoding = undefined; lastKnownFileType = unknown; explicitFileType = undefined; includeInIndex = 0; };
		F62220F93C7F4AC2A35256B7 /* Poppins-BoldItalic.ttf */ = {isa = PBXFileReference; name = "Poppins-BoldItalic.ttf"; path = "../assets/fonts/Poppins-BoldItalic.ttf"; sourceTree = "<group>"; fileEncoding = undefined; lastKnownFileType = unknown; explicitFileType = undefined; includeInIndex = 0; };
		63420521DB604061A6CF79A2 /* Poppins-ExtraBold.ttf */ = {isa = PBXFileReference; name = "Poppins-ExtraBold.ttf"; path = "../assets/fonts/Poppins-ExtraBold.ttf"; sourceTree = "<group>"; fileEncoding = undefined; lastKnownFileType = unknown; explicitFileType = undefined; includeInIndex = 0; };
		3676E6AD0D134DD29072FB3D /* Poppins-ExtraBoldItalic.ttf */ = {isa = PBXFileReference; name = "Poppins-ExtraBoldItalic.ttf"; path = "../assets/fonts/Poppins-ExtraBoldItalic.ttf"; sourceTree = "<group>"; fileEncoding = undefined; lastKnownFileType = unknown; explicitFileType = undefined; includeInIndex = 0; };
		300F0244BEA347E2B1188610 /* Poppins-ExtraLight.ttf */ = {isa = PBXFileReference; name = "Poppins-ExtraLight.ttf"; path = "../assets/fonts/Poppins-ExtraLight.ttf"; sourceTree = "<group>"; fileEncoding = undefined; lastKnownFileType = unknown; explicitFileType = undefined; includeInIndex = 0; };
		44F1736F4CD1425CA2B35A77 /* Poppins-ExtraLightItalic.ttf */ = {isa = PBXFileReference; name = "Poppins-ExtraLightItalic.ttf"; path = "../assets/fonts/Poppins-ExtraLightItalic.ttf"; sourceTree = "<group>"; fileEncoding = undefined; lastKnownFileType = unknown; explicitFileType = undefined; includeInIndex = 0; };
		4213065F1FDE40599B82A1FC /* Poppins-Italic.ttf */ = {isa = PBXFileReference; name = "Poppins-Italic.ttf"; path = "../assets/fonts/Poppins-Italic.ttf"; sourceTree = "<group>"; fileEncoding = undefined; lastKnownFileType = unknown; explicitFileType = undefined; includeInIndex = 0; };
		B30AC05469F348508EEC6600 /* Poppins-Light.ttf */ = {isa = PBXFileReference; name = "Poppins-Light.ttf"; path = "../assets/fonts/Poppins-Light.ttf"; sourceTree = "<group>"; fileEncoding = undefined; lastKnownFileType = unknown; explicitFileType = undefined; includeInIndex = 0; };
		7578230A5AC347F385F88E91 /* Poppins-LightItalic.ttf */ = {isa = PBXFileReference; name = "Poppins-LightItalic.ttf"; path = "../assets/fonts/Poppins-LightItalic.ttf"; sourceTree = "<group>"; fileEncoding = undefined; lastKnownFileType = unknown; explicitFileType = undefined; includeInIndex = 0; };
		A02DC3CB77A24EEB9D77FA4F /* Poppins-Medium.ttf */ = {isa = PBXFileReference; name = "Poppins-Medium.ttf"; path = "../assets/fonts/Poppins-Medium.ttf"; sourceTree = "<group>"; fileEncoding = undefined; lastKnownFileType = unknown; explicitFileType = undefined; includeInIndex = 0; };
		C5AECCCE91C740BC876D50E5 /* Poppins-MediumItalic.ttf */ = {isa = PBXFileReference; name = "Poppins-MediumItalic.ttf"; path = "../assets/fonts/Poppins-MediumItalic.ttf"; sourceTree = "<group>"; fileEncoding = undefined; lastKnownFileType = unknown; explicitFileType = undefined; includeInIndex = 0; };
		9B2FDC2E79824792A6E1E057 /* Poppins-Regular.ttf */ = {isa = PBXFileReference; name = "Poppins-Regular.ttf"; path = "../assets/fonts/Poppins-Regular.ttf"; sourceTree = "<group>"; fileEncoding = undefined; lastKnownFileType = unknown; explicitFileType = undefined; includeInIndex = 0; };
		DB21F99C6519423F87AA1281 /* Poppins-SemiBold.ttf */ = {isa = PBXFileReference; name = "Poppins-SemiBold.ttf"; path = "../assets/fonts/Poppins-SemiBold.ttf"; sourceTree = "<group>"; fileEncoding = undefined; lastKnownFileType = unknown; explicitFileType = undefined; includeInIndex = 0; };
		78A11616F6E245B0AA175193 /* Poppins-SemiBoldItalic.ttf */ = {isa = PBXFileReference; name = "Poppins-SemiBoldItalic.ttf"; path = "../assets/fonts/Poppins-SemiBoldItalic.ttf"; sourceTree = "<group>"; fileEncoding = undefined; lastKnownFileType = unknown; explicitFileType = undefined; includeInIndex = 0; };
		E293A7109D3C4CA3AAE69795 /* Poppins-Thin.ttf */ = {isa = PBXFileReference; name = "Poppins-Thin.ttf"; path = "../assets/fonts/Poppins-Thin.ttf"; sourceTree = "<group>"; fileEncoding = undefined; lastKnownFileType = unknown; explicitFileType = undefined; includeInIndex = 0; };
		3F188E33B2B042D191AA3A0B /* Poppins-ThinItalic.ttf */ = {isa = PBXFileReference; name = "Poppins-ThinItalic.ttf"; path = "../assets/fonts/Poppins-ThinItalic.ttf"; sourceTree = "<group>"; fileEncoding = undefined; lastKnownFileType = unknown; explicitFileType = undefined; includeInIndex = 0; };
		47F66ADC8CE4452387975054 /* Raleway-Black.ttf */ = {isa = PBXFileReference; name = "Raleway-Black.ttf"; path = "../assets/fonts/Raleway-Black.ttf"; sourceTree = "<group>"; fileEncoding = undefined; lastKnownFileType = unknown; explicitFileType = undefined; includeInIndex = 0; };
		30E64B3170A249C9A52DD7B9 /* Raleway-BlackItalic.ttf */ = {isa = PBXFileReference; name = "Raleway-BlackItalic.ttf"; path = "../assets/fonts/Raleway-BlackItalic.ttf"; sourceTree = "<group>"; fileEncoding = undefined; lastKnownFileType = unknown; explicitFileType = undefined; includeInIndex = 0; };
		A9774DA985EA477487878BC0 /* Raleway-Bold.ttf */ = {isa = PBXFileReference; name = "Raleway-Bold.ttf"; path = "../assets/fonts/Raleway-Bold.ttf"; sourceTree = "<group>"; fileEncoding = undefined; lastKnownFileType = unknown; explicitFileType = undefined; includeInIndex = 0; };
		F52BAD1B18144A54A43EAA42 /* Raleway-BoldItalic.ttf */ = {isa = PBXFileReference; name = "Raleway-BoldItalic.ttf"; path = "../assets/fonts/Raleway-BoldItalic.ttf"; sourceTree = "<group>"; fileEncoding = undefined; lastKnownFileType = unknown; explicitFileType = undefined; includeInIndex = 0; };
		2BD8F7CFD5FF4330B6026A2D /* Raleway-ExtraBold.ttf */ = {isa = PBXFileReference; name = "Raleway-ExtraBold.ttf"; path = "../assets/fonts/Raleway-ExtraBold.ttf"; sourceTree = "<group>"; fileEncoding = undefined; lastKnownFileType = unknown; explicitFileType = undefined; includeInIndex = 0; };
		991E692149A8473586B41199 /* Raleway-ExtraBoldItalic.ttf */ = {isa = PBXFileReference; name = "Raleway-ExtraBoldItalic.ttf"; path = "../assets/fonts/Raleway-ExtraBoldItalic.ttf"; sourceTree = "<group>"; fileEncoding = undefined; lastKnownFileType = unknown; explicitFileType = undefined; includeInIndex = 0; };
		4CF07F870D9C489EBD0B7FE3 /* Raleway-ExtraLight.ttf */ = {isa = PBXFileReference; name = "Raleway-ExtraLight.ttf"; path = "../assets/fonts/Raleway-ExtraLight.ttf"; sourceTree = "<group>"; fileEncoding = undefined; lastKnownFileType = unknown; explicitFileType = undefined; includeInIndex = 0; };
		AEB8669CD1D04D7CB488612F /* Raleway-ExtraLightItalic.ttf */ = {isa = PBXFileReference; name = "Raleway-ExtraLightItalic.ttf"; path = "../assets/fonts/Raleway-ExtraLightItalic.ttf"; sourceTree = "<group>"; fileEncoding = undefined; lastKnownFileType = unknown; explicitFileType = undefined; includeInIndex = 0; };
		36D732B5E11E4BDDACF61AB4 /* Raleway-Italic-VariableFont_wght.ttf */ = {isa = PBXFileReference; name = "Raleway-Italic-VariableFont_wght.ttf"; path = "../assets/fonts/Raleway-Italic-VariableFont_wght.ttf"; sourceTree = "<group>"; fileEncoding = undefined; lastKnownFileType = unknown; explicitFileType = undefined; includeInIndex = 0; };
		E8E376AF85DC46BAB763BC08 /* Raleway-Italic.ttf */ = {isa = PBXFileReference; name = "Raleway-Italic.ttf"; path = "../assets/fonts/Raleway-Italic.ttf"; sourceTree = "<group>"; fileEncoding = undefined; lastKnownFileType = unknown; explicitFileType = undefined; includeInIndex = 0; };
		9D7F09B9C51F4B43AB100E39 /* Raleway-Light.ttf */ = {isa = PBXFileReference; name = "Raleway-Light.ttf"; path = "../assets/fonts/Raleway-Light.ttf"; sourceTree = "<group>"; fileEncoding = undefined; lastKnownFileType = unknown; explicitFileType = undefined; includeInIndex = 0; };
		A21784FD325A42DD8FF63089 /* Raleway-LightItalic.ttf */ = {isa = PBXFileReference; name = "Raleway-LightItalic.ttf"; path = "../assets/fonts/Raleway-LightItalic.ttf"; sourceTree = "<group>"; fileEncoding = undefined; lastKnownFileType = unknown; explicitFileType = undefined; includeInIndex = 0; };
		3161996DE0114FB4994D1D38 /* Raleway-Medium.ttf */ = {isa = PBXFileReference; name = "Raleway-Medium.ttf"; path = "../assets/fonts/Raleway-Medium.ttf"; sourceTree = "<group>"; fileEncoding = undefined; lastKnownFileType = unknown; explicitFileType = undefined; includeInIndex = 0; };
		69DADDA3F4A14CE1AE2B073E /* Raleway-MediumItalic.ttf */ = {isa = PBXFileReference; name = "Raleway-MediumItalic.ttf"; path = "../assets/fonts/Raleway-MediumItalic.ttf"; sourceTree = "<group>"; fileEncoding = undefined; lastKnownFileType = unknown; explicitFileType = undefined; includeInIndex = 0; };
		E5D30A96FB66431AA27D7A4A /* Raleway-Regular.ttf */ = {isa = PBXFileReference; name = "Raleway-Regular.ttf"; path = "../assets/fonts/Raleway-Regular.ttf"; sourceTree = "<group>"; fileEncoding = undefined; lastKnownFileType = unknown; explicitFileType = undefined; includeInIndex = 0; };
		E054C6D67429428390680CCD /* Raleway-SemiBold.ttf */ = {isa = PBXFileReference; name = "Raleway-SemiBold.ttf"; path = "../assets/fonts/Raleway-SemiBold.ttf"; sourceTree = "<group>"; fileEncoding = undefined; lastKnownFileType = unknown; explicitFileType = undefined; includeInIndex = 0; };
		BBBF08E97BBF4471B353B719 /* Raleway-SemiBoldItalic.ttf */ = {isa = PBXFileReference; name = "Raleway-SemiBoldItalic.ttf"; path = "../assets/fonts/Raleway-SemiBoldItalic.ttf"; sourceTree = "<group>"; fileEncoding = undefined; lastKnownFileType = unknown; explicitFileType = undefined; includeInIndex = 0; };
		EBC0924FA329420A96A55ABC /* Raleway-Thin.ttf */ = {isa = PBXFileReference; name = "Raleway-Thin.ttf"; path = "../assets/fonts/Raleway-Thin.ttf"; sourceTree = "<group>"; fileEncoding = undefined; lastKnownFileType = unknown; explicitFileType = undefined; includeInIndex = 0; };
		2F638B6291544EFB88374DAD /* Raleway-ThinItalic.ttf */ = {isa = PBXFileReference; name = "Raleway-ThinItalic.ttf"; path = "../assets/fonts/Raleway-ThinItalic.ttf"; sourceTree = "<group>"; fileEncoding = undefined; lastKnownFileType = unknown; explicitFileType = undefined; includeInIndex = 0; };
		A7B7EAA77BCF44F2A6E4770D /* Raleway-VariableFont_wght.ttf */ = {isa = PBXFileReference; name = "Raleway-VariableFont_wght.ttf"; path = "../assets/fonts/Raleway-VariableFont_wght.ttf"; sourceTree = "<group>"; fileEncoding = undefined; lastKnownFileType = unknown; explicitFileType = undefined; includeInIndex = 0; };
		78AC703C7DDA490CA858FF36 /* TiltPrism-Regular-VariableFont_XROT,YROT.ttf */ = {isa = PBXFileReference; name = "TiltPrism-Regular-VariableFont_XROT,YROT.ttf"; path = "../assets/fonts/TiltPrism-Regular-VariableFont_XROT,YROT.ttf"; sourceTree = "<group>"; fileEncoding = undefined; lastKnownFileType = unknown; explicitFileType = undefined; includeInIndex = 0; };
		6009BD7D87FB48D4B5F111C2 /* TiltPrism-Regular.ttf */ = {isa = PBXFileReference; name = "TiltPrism-Regular.ttf"; path = "../assets/fonts/TiltPrism-Regular.ttf"; sourceTree = "<group>"; fileEncoding = undefined; lastKnownFileType = unknown; explicitFileType = undefined; includeInIndex = 0; };
		0C893B4349384B30B45936EA /* OFL.txt */ = {isa = PBXFileReference; name = "OFL.txt"; path = "../assets/fonts/OFL.txt"; sourceTree = "<group>"; fileEncoding = undefined; lastKnownFileType = unknown; explicitFileType = undefined; includeInIndex = 0; };
		BEE8C86BD3A64904A9CE38FA /* README.txt */ = {isa = PBXFileReference; name = "README.txt"; path = "../assets/fonts/README.txt"; sourceTree = "<group>"; fileEncoding = undefined; lastKnownFileType = unknown; explicitFileType = undefined; includeInIndex = 0; };
/* End PBXFileReference section */

/* Begin PBXFrameworksBuildPhase section */
		00E356EB1AD99517003FC87E /* Frameworks */ = {
			isa = PBXFrameworksBuildPhase;
			buildActionMask = 2147483647;
			files = (
				7699B88040F8A987B510C191 /* libPods-MovieMinia-MovieMiniaTests.a in Frameworks */,
			);
			runOnlyForDeploymentPostprocessing = 0;
		};
		13B07F8C1A680F5B00A75B9A /* Frameworks */ = {
			isa = PBXFrameworksBuildPhase;
			buildActionMask = 2147483647;
			files = (
				0C80B921A6F3F58F76C31292 /* libPods-MovieMinia.a in Frameworks */,
			);
			runOnlyForDeploymentPostprocessing = 0;
		};
/* End PBXFrameworksBuildPhase section */

/* Begin PBXGroup section */
		00E356EF1AD99517003FC87E /* MovieMiniaTests */ = {
			isa = PBXGroup;
			children = (
				00E356F21AD99517003FC87E /* MovieMiniaTests.m */,
				00E356F01AD99517003FC87E /* Supporting Files */,
			);
			path = MovieMiniaTests;
			sourceTree = "<group>";
		};
		00E356F01AD99517003FC87E /* Supporting Files */ = {
			isa = PBXGroup;
			children = (
				00E356F11AD99517003FC87E /* Info.plist */,
			);
			name = "Supporting Files";
			sourceTree = "<group>";
		};
		13B07FAE1A68108700A75B9A /* MovieMinia */ = {
			isa = PBXGroup;
			children = (
				13B07FAF1A68108700A75B9A /* AppDelegate.h */,
				13B07FB01A68108700A75B9A /* AppDelegate.mm */,
				13B07FB51A68108700A75B9A /* Images.xcassets */,
				13B07FB61A68108700A75B9A /* Info.plist */,
				81AB9BB72411601600AC10FF /* LaunchScreen.storyboard */,
				13B07FB71A68108700A75B9A /* main.m */,
			);
			name = MovieMinia;
			sourceTree = "<group>";
		};
		2D16E6871FA4F8E400B85C8A /* Frameworks */ = {
			isa = PBXGroup;
			children = (
				ED297162215061F000B7C4FE /* JavaScriptCore.framework */,
				5DCACB8F33CDC322A6C60F78 /* libPods-MovieMinia.a */,
				19F6CBCC0A4E27FBF8BF4A61 /* libPods-MovieMinia-MovieMiniaTests.a */,
			);
			name = Frameworks;
			sourceTree = "<group>";
		};
		832341AE1AAA6A7D00B99B32 /* Libraries */ = {
			isa = PBXGroup;
			children = (
			);
			name = Libraries;
			sourceTree = "<group>";
		};
		83CBB9F61A601CBA00E9B192 = {
			isa = PBXGroup;
			children = (
				13B07FAE1A68108700A75B9A /* MovieMinia */,
				832341AE1AAA6A7D00B99B32 /* Libraries */,
				00E356EF1AD99517003FC87E /* MovieMiniaTests */,
				83CBBA001A601CBA00E9B192 /* Products */,
				2D16E6871FA4F8E400B85C8A /* Frameworks */,
				BBD78D7AC51CEA395F1C20DB /* Pods */,
				963A5C7C4D6D451F804B3C8C /* Resources */,
			);
			indentWidth = 2;
			sourceTree = "<group>";
			tabWidth = 2;
			usesTabs = 0;
		};
		83CBBA001A601CBA00E9B192 /* Products */ = {
			isa = PBXGroup;
			children = (
				13B07F961A680F5B00A75B9A /* MovieMinia.app */,
				00E356EE1AD99517003FC87E /* MovieMiniaTests.xctest */,
			);
			name = Products;
			sourceTree = "<group>";
		};
		BBD78D7AC51CEA395F1C20DB /* Pods */ = {
			isa = PBXGroup;
			children = (
				3B4392A12AC88292D35C810B /* Pods-MovieMinia.debug.xcconfig */,
				5709B34CF0A7D63546082F79 /* Pods-MovieMinia.release.xcconfig */,
				5B7EB9410499542E8C5724F5 /* Pods-MovieMinia-MovieMiniaTests.debug.xcconfig */,
				89C6BE57DB24E9ADA2F236DE /* Pods-MovieMinia-MovieMiniaTests.release.xcconfig */,
			);
			path = Pods;
			sourceTree = "<group>";
		};
		963A5C7C4D6D451F804B3C8C /* Resources */ = {
			isa = "PBXGroup";
			children = (
				3703076464464A8EAD1F63AE /* Railway.otf */,
				481D1B85BD3F4C73ABC62925 /* RailwayAlternate.otf */,
				74E20E2A298444DABE8F04D7 /* BebasNeue-Regular.ttf */,
				280E56563F604FDEA27A0E18 /* Poppins-Black.ttf */,
				EEBB65B6105043CC9997A113 /* Poppins-BlackItalic.ttf */,
				0EB7F38434E3456E860B13C8 /* Poppins-Bold.ttf */,
				F62220F93C7F4AC2A35256B7 /* Poppins-BoldItalic.ttf */,
				63420521DB604061A6CF79A2 /* Poppins-ExtraBold.ttf */,
				3676E6AD0D134DD29072FB3D /* Poppins-ExtraBoldItalic.ttf */,
				300F0244BEA347E2B1188610 /* Poppins-ExtraLight.ttf */,
				44F1736F4CD1425CA2B35A77 /* Poppins-ExtraLightItalic.ttf */,
				4213065F1FDE40599B82A1FC /* Poppins-Italic.ttf */,
				B30AC05469F348508EEC6600 /* Poppins-Light.ttf */,
				7578230A5AC347F385F88E91 /* Poppins-LightItalic.ttf */,
				A02DC3CB77A24EEB9D77FA4F /* Poppins-Medium.ttf */,
				C5AECCCE91C740BC876D50E5 /* Poppins-MediumItalic.ttf */,
				9B2FDC2E79824792A6E1E057 /* Poppins-Regular.ttf */,
				DB21F99C6519423F87AA1281 /* Poppins-SemiBold.ttf */,
				78A11616F6E245B0AA175193 /* Poppins-SemiBoldItalic.ttf */,
				E293A7109D3C4CA3AAE69795 /* Poppins-Thin.ttf */,
				3F188E33B2B042D191AA3A0B /* Poppins-ThinItalic.ttf */,
				47F66ADC8CE4452387975054 /* Raleway-Black.ttf */,
				30E64B3170A249C9A52DD7B9 /* Raleway-BlackItalic.ttf */,
				A9774DA985EA477487878BC0 /* Raleway-Bold.ttf */,
				F52BAD1B18144A54A43EAA42 /* Raleway-BoldItalic.ttf */,
				2BD8F7CFD5FF4330B6026A2D /* Raleway-ExtraBold.ttf */,
				991E692149A8473586B41199 /* Raleway-ExtraBoldItalic.ttf */,
				4CF07F870D9C489EBD0B7FE3 /* Raleway-ExtraLight.ttf */,
				AEB8669CD1D04D7CB488612F /* Raleway-ExtraLightItalic.ttf */,
				36D732B5E11E4BDDACF61AB4 /* Raleway-Italic-VariableFont_wght.ttf */,
				E8E376AF85DC46BAB763BC08 /* Raleway-Italic.ttf */,
				9D7F09B9C51F4B43AB100E39 /* Raleway-Light.ttf */,
				A21784FD325A42DD8FF63089 /* Raleway-LightItalic.ttf */,
				3161996DE0114FB4994D1D38 /* Raleway-Medium.ttf */,
				69DADDA3F4A14CE1AE2B073E /* Raleway-MediumItalic.ttf */,
				E5D30A96FB66431AA27D7A4A /* Raleway-Regular.ttf */,
				E054C6D67429428390680CCD /* Raleway-SemiBold.ttf */,
				BBBF08E97BBF4471B353B719 /* Raleway-SemiBoldItalic.ttf */,
				EBC0924FA329420A96A55ABC /* Raleway-Thin.ttf */,
				2F638B6291544EFB88374DAD /* Raleway-ThinItalic.ttf */,
				A7B7EAA77BCF44F2A6E4770D /* Raleway-VariableFont_wght.ttf */,
				78AC703C7DDA490CA858FF36 /* TiltPrism-Regular-VariableFont_XROT,YROT.ttf */,
				6009BD7D87FB48D4B5F111C2 /* TiltPrism-Regular.ttf */,
				0C893B4349384B30B45936EA /* OFL.txt */,
				BEE8C86BD3A64904A9CE38FA /* README.txt */,
			);
			name = Resources;
			sourceTree = "<group>";
			path = "";
		};
/* End PBXGroup section */

/* Begin PBXNativeTarget section */
		00E356ED1AD99517003FC87E /* MovieMiniaTests */ = {
			isa = PBXNativeTarget;
			buildConfigurationList = 00E357021AD99517003FC87E /* Build configuration list for PBXNativeTarget "MovieMiniaTests" */;
			buildPhases = (
				A55EABD7B0C7F3A422A6CC61 /* [CP] Check Pods Manifest.lock */,
				00E356EA1AD99517003FC87E /* Sources */,
				00E356EB1AD99517003FC87E /* Frameworks */,
				00E356EC1AD99517003FC87E /* Resources */,
				C59DA0FBD6956966B86A3779 /* [CP] Embed Pods Frameworks */,
				F6A41C54EA430FDDC6A6ED99 /* [CP] Copy Pods Resources */,
			);
			buildRules = (
			);
			dependencies = (
				00E356F51AD99517003FC87E /* PBXTargetDependency */,
			);
			name = MovieMiniaTests;
			productName = MovieMiniaTests;
			productReference = 00E356EE1AD99517003FC87E /* MovieMiniaTests.xctest */;
			productType = "com.apple.product-type.bundle.unit-test";
		};
		13B07F861A680F5B00A75B9A /* MovieMinia */ = {
			isa = PBXNativeTarget;
			buildConfigurationList = 13B07F931A680F5B00A75B9A /* Build configuration list for PBXNativeTarget "MovieMinia" */;
			buildPhases = (
				C38B50BA6285516D6DCD4F65 /* [CP] Check Pods Manifest.lock */,
				FD10A7F022414F080027D42C /* Start Packager */,
				13B07F871A680F5B00A75B9A /* Sources */,
				13B07F8C1A680F5B00A75B9A /* Frameworks */,
				13B07F8E1A680F5B00A75B9A /* Resources */,
				00DD1BFF1BD5951E006B06BC /* Bundle React Native code and images */,
				00EEFC60759A1932668264C0 /* [CP] Embed Pods Frameworks */,
				E235C05ADACE081382539298 /* [CP] Copy Pods Resources */,
			);
			buildRules = (
			);
			dependencies = (
			);
			name = MovieMinia;
			productName = MovieMinia;
			productReference = 13B07F961A680F5B00A75B9A /* MovieMinia.app */;
			productType = "com.apple.product-type.application";
		};
/* End PBXNativeTarget section */

/* Begin PBXProject section */
		83CBB9F71A601CBA00E9B192 /* Project object */ = {
			isa = PBXProject;
			attributes = {
				LastUpgradeCheck = 1210;
				TargetAttributes = {
					00E356ED1AD99517003FC87E = {
						CreatedOnToolsVersion = 6.2;
						TestTargetID = 13B07F861A680F5B00A75B9A;
					};
					13B07F861A680F5B00A75B9A = {
						LastSwiftMigration = 1120;
					};
				};
			};
			buildConfigurationList = 83CBB9FA1A601CBA00E9B192 /* Build configuration list for PBXProject "MovieMinia" */;
			compatibilityVersion = "Xcode 12.0";
			developmentRegion = en;
			hasScannedForEncodings = 0;
			knownRegions = (
				en,
				Base,
			);
			mainGroup = 83CBB9F61A601CBA00E9B192;
			productRefGroup = 83CBBA001A601CBA00E9B192 /* Products */;
			projectDirPath = "";
			projectRoot = "";
			targets = (
				13B07F861A680F5B00A75B9A /* MovieMinia */,
				00E356ED1AD99517003FC87E /* MovieMiniaTests */,
			);
		};
/* End PBXProject section */

/* Begin PBXResourcesBuildPhase section */
		00E356EC1AD99517003FC87E /* Resources */ = {
			isa = PBXResourcesBuildPhase;
			buildActionMask = 2147483647;
			files = (
			);
			runOnlyForDeploymentPostprocessing = 0;
		};
		13B07F8E1A680F5B00A75B9A /* Resources */ = {
			isa = PBXResourcesBuildPhase;
			buildActionMask = 2147483647;
			files = (
				81AB9BB82411601600AC10FF /* LaunchScreen.storyboard in Resources */,
				13B07FBF1A68108700A75B9A /* Images.xcassets in Resources */,
				562BCA9EC5B544AE8AF2ECD4 /* Railway.otf in Resources */,
				0680E96C783249ECB43469A9 /* RailwayAlternate.otf in Resources */,
				413B8CDFFA5F41D0AC039557 /* BebasNeue-Regular.ttf in Resources */,
				2BE6C2A3442E420AAC60A18B /* Poppins-Black.ttf in Resources */,
				D7192614401A45C2B4C24D81 /* Poppins-BlackItalic.ttf in Resources */,
				FC3FA331883F429BAD4AE7A1 /* Poppins-Bold.ttf in Resources */,
				7F146A2FF52E4DBBB9D5755F /* Poppins-BoldItalic.ttf in Resources */,
				DD61D0CC9B7343AEA16ECD7B /* Poppins-ExtraBold.ttf in Resources */,
				3283BAD81326450AA71096E6 /* Poppins-ExtraBoldItalic.ttf in Resources */,
				518CBC5506724A6194E49EFA /* Poppins-ExtraLight.ttf in Resources */,
				499A9577AF3D413BA36113E1 /* Poppins-ExtraLightItalic.ttf in Resources */,
				875D4E6B1FF04C138D4192A2 /* Poppins-Italic.ttf in Resources */,
				F6DC3715E732437DA110BEC0 /* Poppins-Light.ttf in Resources */,
				6B760F63FE6744949EB14AEB /* Poppins-LightItalic.ttf in Resources */,
				8E184F931494499C94ABB495 /* Poppins-Medium.ttf in Resources */,
				1345EE3AF0914549A7188358 /* Poppins-MediumItalic.ttf in Resources */,
				A4845646D9594D85B81A04CC /* Poppins-Regular.ttf in Resources */,
				09F5B3ED048D49E2AF7C8A1D /* Poppins-SemiBold.ttf in Resources */,
				E1524E54DF6B412187614E0D /* Poppins-SemiBoldItalic.ttf in Resources */,
				BDB108DC59B44AF48C8DC27F /* Poppins-Thin.ttf in Resources */,
				EAFC777DDC7842BDA86873BC /* Poppins-ThinItalic.ttf in Resources */,
				C933DFD67C58439FAFEFFEBE /* Raleway-Black.ttf in Resources */,
				C29EC1A50B6B464F9CAD5952 /* Raleway-BlackItalic.ttf in Resources */,
				DD7AC576BE9A47BEAF83C904 /* Raleway-Bold.ttf in Resources */,
				F5B9231469BF4F5D9809A672 /* Raleway-BoldItalic.ttf in Resources */,
				E458569183A34201ACC061EF /* Raleway-ExtraBold.ttf in Resources */,
				94CD6CE7467F4962BE9849FC /* Raleway-ExtraBoldItalic.ttf in Resources */,
				A648462BE5FF4259AC3B2611 /* Raleway-ExtraLight.ttf in Resources */,
				70EE512B9585408BAE130852 /* Raleway-ExtraLightItalic.ttf in Resources */,
				A636B62A114A4C0F8A4DC730 /* Raleway-Italic-VariableFont_wght.ttf in Resources */,
				96AA92292E394198A5DF50A5 /* Raleway-Italic.ttf in Resources */,
				DE4C9FFE39554C89A6AD9B93 /* Raleway-Light.ttf in Resources */,
				E0983BA4643D4A4A89C8A37D /* Raleway-LightItalic.ttf in Resources */,
				BC73B833023F46ECA221461C /* Raleway-Medium.ttf in Resources */,
				4F7D919828FE4FEAA5B67256 /* Raleway-MediumItalic.ttf in Resources */,
				40BAF09E20C54E66ABDE9030 /* Raleway-Regular.ttf in Resources */,
				E90240056041402D96E8ED65 /* Raleway-SemiBold.ttf in Resources */,
				AEA070EF4D9945FCB445D234 /* Raleway-SemiBoldItalic.ttf in Resources */,
				9DE73A0E9FD749A882623A6F /* Raleway-Thin.ttf in Resources */,
				C027B8759D3746899D43E36A /* Raleway-ThinItalic.ttf in Resources */,
				D9C44EA676E74583B30E5DA1 /* Raleway-VariableFont_wght.ttf in Resources */,
				A269A0580A2D4251B8BC9C22 /* TiltPrism-Regular-VariableFont_XROT,YROT.ttf in Resources */,
				73CE1FADB504475F94439B76 /* TiltPrism-Regular.ttf in Resources */,
				1E6F66C1BC414EA0868DAA50 /* OFL.txt in Resources */,
				452B62DDA3004508BDD4AB3B /* README.txt in Resources */,
			);
			runOnlyForDeploymentPostprocessing = 0;
		};
/* End PBXResourcesBuildPhase section */

/* Begin PBXShellScriptBuildPhase section */
		00DD1BFF1BD5951E006B06BC /* Bundle React Native code and images */ = {
			isa = PBXShellScriptBuildPhase;
			buildActionMask = 2147483647;
			files = (
			);
			inputPaths = (
				"$(SRCROOT)/.xcode.env.local",
				"$(SRCROOT)/.xcode.env",
			);
			name = "Bundle React Native code and images";
			outputPaths = (
			);
			runOnlyForDeploymentPostprocessing = 0;
			shellPath = /bin/sh;
			shellScript = "set -e\n\nWITH_ENVIRONMENT=\"../node_modules/react-native/scripts/xcode/with-environment.sh\"\nREACT_NATIVE_XCODE=\"../node_modules/react-native/scripts/react-native-xcode.sh\"\n\n/bin/sh -c \"$WITH_ENVIRONMENT $REACT_NATIVE_XCODE\"\n";
		};
		00EEFC60759A1932668264C0 /* [CP] Embed Pods Frameworks */ = {
			isa = PBXShellScriptBuildPhase;
			buildActionMask = 2147483647;
			files = (
			);
			inputFileListPaths = (
				"${PODS_ROOT}/Target Support Files/Pods-MovieMinia/Pods-MovieMinia-frameworks-${CONFIGURATION}-input-files.xcfilelist",
			);
			name = "[CP] Embed Pods Frameworks";
			outputFileListPaths = (
				"${PODS_ROOT}/Target Support Files/Pods-MovieMinia/Pods-MovieMinia-frameworks-${CONFIGURATION}-output-files.xcfilelist",
			);
			runOnlyForDeploymentPostprocessing = 0;
			shellPath = /bin/sh;
			shellScript = "\"${PODS_ROOT}/Target Support Files/Pods-MovieMinia/Pods-MovieMinia-frameworks.sh\"\n";
			showEnvVarsInLog = 0;
		};
		A55EABD7B0C7F3A422A6CC61 /* [CP] Check Pods Manifest.lock */ = {
			isa = PBXShellScriptBuildPhase;
			buildActionMask = 2147483647;
			files = (
			);
			inputFileListPaths = (
			);
			inputPaths = (
				"${PODS_PODFILE_DIR_PATH}/Podfile.lock",
				"${PODS_ROOT}/Manifest.lock",
			);
			name = "[CP] Check Pods Manifest.lock";
			outputFileListPaths = (
			);
			outputPaths = (
				"$(DERIVED_FILE_DIR)/Pods-MovieMinia-MovieMiniaTests-checkManifestLockResult.txt",
			);
			runOnlyForDeploymentPostprocessing = 0;
			shellPath = /bin/sh;
			shellScript = "diff \"${PODS_PODFILE_DIR_PATH}/Podfile.lock\" \"${PODS_ROOT}/Manifest.lock\" > /dev/null\nif [ $? != 0 ] ; then\n    # print error to STDERR\n    echo \"error: The sandbox is not in sync with the Podfile.lock. Run 'pod install' or update your CocoaPods installation.\" >&2\n    exit 1\nfi\n# This output is used by Xcode 'outputs' to avoid re-running this script phase.\necho \"SUCCESS\" > \"${SCRIPT_OUTPUT_FILE_0}\"\n";
			showEnvVarsInLog = 0;
		};
		C38B50BA6285516D6DCD4F65 /* [CP] Check Pods Manifest.lock */ = {
			isa = PBXShellScriptBuildPhase;
			buildActionMask = 2147483647;
			files = (
			);
			inputFileListPaths = (
			);
			inputPaths = (
				"${PODS_PODFILE_DIR_PATH}/Podfile.lock",
				"${PODS_ROOT}/Manifest.lock",
			);
			name = "[CP] Check Pods Manifest.lock";
			outputFileListPaths = (
			);
			outputPaths = (
				"$(DERIVED_FILE_DIR)/Pods-MovieMinia-checkManifestLockResult.txt",
			);
			runOnlyForDeploymentPostprocessing = 0;
			shellPath = /bin/sh;
			shellScript = "diff \"${PODS_PODFILE_DIR_PATH}/Podfile.lock\" \"${PODS_ROOT}/Manifest.lock\" > /dev/null\nif [ $? != 0 ] ; then\n    # print error to STDERR\n    echo \"error: The sandbox is not in sync with the Podfile.lock. Run 'pod install' or update your CocoaPods installation.\" >&2\n    exit 1\nfi\n# This output is used by Xcode 'outputs' to avoid re-running this script phase.\necho \"SUCCESS\" > \"${SCRIPT_OUTPUT_FILE_0}\"\n";
			showEnvVarsInLog = 0;
		};
		C59DA0FBD6956966B86A3779 /* [CP] Embed Pods Frameworks */ = {
			isa = PBXShellScriptBuildPhase;
			buildActionMask = 2147483647;
			files = (
			);
			inputFileListPaths = (
				"${PODS_ROOT}/Target Support Files/Pods-MovieMinia-MovieMiniaTests/Pods-MovieMinia-MovieMiniaTests-frameworks-${CONFIGURATION}-input-files.xcfilelist",
			);
			name = "[CP] Embed Pods Frameworks";
			outputFileListPaths = (
				"${PODS_ROOT}/Target Support Files/Pods-MovieMinia-MovieMiniaTests/Pods-MovieMinia-MovieMiniaTests-frameworks-${CONFIGURATION}-output-files.xcfilelist",
			);
			runOnlyForDeploymentPostprocessing = 0;
			shellPath = /bin/sh;
			shellScript = "\"${PODS_ROOT}/Target Support Files/Pods-MovieMinia-MovieMiniaTests/Pods-MovieMinia-MovieMiniaTests-frameworks.sh\"\n";
			showEnvVarsInLog = 0;
		};
		E235C05ADACE081382539298 /* [CP] Copy Pods Resources */ = {
			isa = PBXShellScriptBuildPhase;
			buildActionMask = 2147483647;
			files = (
			);
			inputFileListPaths = (
				"${PODS_ROOT}/Target Support Files/Pods-MovieMinia/Pods-MovieMinia-resources-${CONFIGURATION}-input-files.xcfilelist",
			);
			name = "[CP] Copy Pods Resources";
			outputFileListPaths = (
				"${PODS_ROOT}/Target Support Files/Pods-MovieMinia/Pods-MovieMinia-resources-${CONFIGURATION}-output-files.xcfilelist",
			);
			runOnlyForDeploymentPostprocessing = 0;
			shellPath = /bin/sh;
			shellScript = "\"${PODS_ROOT}/Target Support Files/Pods-MovieMinia/Pods-MovieMinia-resources.sh\"\n";
			showEnvVarsInLog = 0;
		};
		F6A41C54EA430FDDC6A6ED99 /* [CP] Copy Pods Resources */ = {
			isa = PBXShellScriptBuildPhase;
			buildActionMask = 2147483647;
			files = (
			);
			inputFileListPaths = (
				"${PODS_ROOT}/Target Support Files/Pods-MovieMinia-MovieMiniaTests/Pods-MovieMinia-MovieMiniaTests-resources-${CONFIGURATION}-input-files.xcfilelist",
			);
			name = "[CP] Copy Pods Resources";
			outputFileListPaths = (
				"${PODS_ROOT}/Target Support Files/Pods-MovieMinia-MovieMiniaTests/Pods-MovieMinia-MovieMiniaTests-resources-${CONFIGURATION}-output-files.xcfilelist",
			);
			runOnlyForDeploymentPostprocessing = 0;
			shellPath = /bin/sh;
			shellScript = "\"${PODS_ROOT}/Target Support Files/Pods-MovieMinia-MovieMiniaTests/Pods-MovieMinia-MovieMiniaTests-resources.sh\"\n";
			showEnvVarsInLog = 0;
		};
		FD10A7F022414F080027D42C /* Start Packager */ = {
			isa = PBXShellScriptBuildPhase;
			buildActionMask = 2147483647;
			files = (
			);
			inputFileListPaths = (
			);
			inputPaths = (
			);
			name = "Start Packager";
			outputFileListPaths = (
			);
			outputPaths = (
			);
			runOnlyForDeploymentPostprocessing = 0;
			shellPath = /bin/sh;
			shellScript = "export RCT_METRO_PORT=\"${RCT_METRO_PORT:=8081}\"\necho \"export RCT_METRO_PORT=${RCT_METRO_PORT}\" > \"${SRCROOT}/../node_modules/react-native/scripts/.packager.env\"\nif [ -z \"${RCT_NO_LAUNCH_PACKAGER+xxx}\" ] ; then\n  if nc -w 5 -z localhost ${RCT_METRO_PORT} ; then\n    if ! curl -s \"http://localhost:${RCT_METRO_PORT}/status\" | grep -q \"packager-status:running\" ; then\n      echo \"Port ${RCT_METRO_PORT} already in use, packager is either not running or not running correctly\"\n      exit 2\n    fi\n  else\n    open \"$SRCROOT/../node_modules/react-native/scripts/launchPackager.command\" || echo \"Can't start packager automatically\"\n  fi\nfi\n";
			showEnvVarsInLog = 0;
		};
/* End PBXShellScriptBuildPhase section */

/* Begin PBXSourcesBuildPhase section */
		00E356EA1AD99517003FC87E /* Sources */ = {
			isa = PBXSourcesBuildPhase;
			buildActionMask = 2147483647;
			files = (
				00E356F31AD99517003FC87E /* MovieMiniaTests.m in Sources */,
			);
			runOnlyForDeploymentPostprocessing = 0;
		};
		13B07F871A680F5B00A75B9A /* Sources */ = {
			isa = PBXSourcesBuildPhase;
			buildActionMask = 2147483647;
			files = (
				13B07FBC1A68108700A75B9A /* AppDelegate.mm in Sources */,
				13B07FC11A68108700A75B9A /* main.m in Sources */,
			);
			runOnlyForDeploymentPostprocessing = 0;
		};
/* End PBXSourcesBuildPhase section */

/* Begin PBXTargetDependency section */
		00E356F51AD99517003FC87E /* PBXTargetDependency */ = {
			isa = PBXTargetDependency;
			target = 13B07F861A680F5B00A75B9A /* MovieMinia */;
			targetProxy = 00E356F41AD99517003FC87E /* PBXContainerItemProxy */;
		};
/* End PBXTargetDependency section */

/* Begin XCBuildConfiguration section */
		00E356F61AD99517003FC87E /* Debug */ = {
			isa = XCBuildConfiguration;
			baseConfigurationReference = 5B7EB9410499542E8C5724F5 /* Pods-MovieMinia-MovieMiniaTests.debug.xcconfig */;
			buildSettings = {
				BUNDLE_LOADER = "$(TEST_HOST)";
				GCC_PREPROCESSOR_DEFINITIONS = (
					"DEBUG=1",
					"$(inherited)",
				);
				INFOPLIST_FILE = MovieMiniaTests/Info.plist;
				IPHONEOS_DEPLOYMENT_TARGET = 12.4;
				LD_RUNPATH_SEARCH_PATHS = (
					"$(inherited)",
					"@executable_path/Frameworks",
					"@loader_path/Frameworks",
				);
				OTHER_LDFLAGS = (
					"-ObjC",
					"-lc++",
					"$(inherited)",
				);
				PRODUCT_BUNDLE_IDENTIFIER = "org.reactjs.native.example.$(PRODUCT_NAME:rfc1034identifier)";
				PRODUCT_NAME = "$(TARGET_NAME)";
				TEST_HOST = "$(BUILT_PRODUCTS_DIR)/MovieMinia.app/MovieMinia";
			};
			name = Debug;
		};
		00E356F71AD99517003FC87E /* Release */ = {
			isa = XCBuildConfiguration;
			baseConfigurationReference = 89C6BE57DB24E9ADA2F236DE /* Pods-MovieMinia-MovieMiniaTests.release.xcconfig */;
			buildSettings = {
				BUNDLE_LOADER = "$(TEST_HOST)";
				COPY_PHASE_STRIP = NO;
				INFOPLIST_FILE = MovieMiniaTests/Info.plist;
				IPHONEOS_DEPLOYMENT_TARGET = 12.4;
				LD_RUNPATH_SEARCH_PATHS = (
					"$(inherited)",
					"@executable_path/Frameworks",
					"@loader_path/Frameworks",
				);
				OTHER_LDFLAGS = (
					"-ObjC",
					"-lc++",
					"$(inherited)",
				);
				PRODUCT_BUNDLE_IDENTIFIER = "org.reactjs.native.example.$(PRODUCT_NAME:rfc1034identifier)";
				PRODUCT_NAME = "$(TARGET_NAME)";
				TEST_HOST = "$(BUILT_PRODUCTS_DIR)/MovieMinia.app/MovieMinia";
			};
			name = Release;
		};
		13B07F941A680F5B00A75B9A /* Debug */ = {
			isa = XCBuildConfiguration;
			baseConfigurationReference = 3B4392A12AC88292D35C810B /* Pods-MovieMinia.debug.xcconfig */;
			buildSettings = {
				ASSETCATALOG_COMPILER_APPICON_NAME = AppIcon;
				CLANG_ENABLE_MODULES = YES;
				CURRENT_PROJECT_VERSION = 1;
				ENABLE_BITCODE = NO;
				INFOPLIST_FILE = MovieMinia/Info.plist;
				LD_RUNPATH_SEARCH_PATHS = (
					"$(inherited)",
					"@executable_path/Frameworks",
				);
				MARKETING_VERSION = 1.0;
				OTHER_LDFLAGS = (
					"$(inherited)",
					"-ObjC",
					"-lc++",
				);
				PRODUCT_BUNDLE_IDENTIFIER = "org.reactjs.native.example.$(PRODUCT_NAME:rfc1034identifier)";
				PRODUCT_NAME = MovieMinia;
				SWIFT_OPTIMIZATION_LEVEL = "-Onone";
				SWIFT_VERSION = 5.0;
				VERSIONING_SYSTEM = "apple-generic";
			};
			name = Debug;
		};
		13B07F951A680F5B00A75B9A /* Release */ = {
			isa = XCBuildConfiguration;
			baseConfigurationReference = 5709B34CF0A7D63546082F79 /* Pods-MovieMinia.release.xcconfig */;
			buildSettings = {
				ASSETCATALOG_COMPILER_APPICON_NAME = AppIcon;
				CLANG_ENABLE_MODULES = YES;
				CURRENT_PROJECT_VERSION = 1;
				INFOPLIST_FILE = MovieMinia/Info.plist;
				LD_RUNPATH_SEARCH_PATHS = (
					"$(inherited)",
					"@executable_path/Frameworks",
				);
				MARKETING_VERSION = 1.0;
				OTHER_LDFLAGS = (
					"$(inherited)",
					"-ObjC",
					"-lc++",
				);
				PRODUCT_BUNDLE_IDENTIFIER = "org.reactjs.native.example.$(PRODUCT_NAME:rfc1034identifier)";
				PRODUCT_NAME = MovieMinia;
				SWIFT_VERSION = 5.0;
				VERSIONING_SYSTEM = "apple-generic";
			};
			name = Release;
		};
		83CBBA201A601CBA00E9B192 /* Debug */ = {
			isa = XCBuildConfiguration;
			buildSettings = {
				ALWAYS_SEARCH_USER_PATHS = NO;
				CLANG_ANALYZER_LOCALIZABILITY_NONLOCALIZED = YES;
				CLANG_CXX_LANGUAGE_STANDARD = "c++17";
				CLANG_CXX_LIBRARY = "libc++";
				CLANG_ENABLE_MODULES = YES;
				CLANG_ENABLE_OBJC_ARC = YES;
				CLANG_WARN_BLOCK_CAPTURE_AUTORELEASING = YES;
				CLANG_WARN_BOOL_CONVERSION = YES;
				CLANG_WARN_COMMA = YES;
				CLANG_WARN_CONSTANT_CONVERSION = YES;
				CLANG_WARN_DEPRECATED_OBJC_IMPLEMENTATIONS = YES;
				CLANG_WARN_DIRECT_OBJC_ISA_USAGE = YES_ERROR;
				CLANG_WARN_EMPTY_BODY = YES;
				CLANG_WARN_ENUM_CONVERSION = YES;
				CLANG_WARN_INFINITE_RECURSION = YES;
				CLANG_WARN_INT_CONVERSION = YES;
				CLANG_WARN_NON_LITERAL_NULL_CONVERSION = YES;
				CLANG_WARN_OBJC_IMPLICIT_RETAIN_SELF = YES;
				CLANG_WARN_OBJC_LITERAL_CONVERSION = YES;
				CLANG_WARN_OBJC_ROOT_CLASS = YES_ERROR;
				CLANG_WARN_QUOTED_INCLUDE_IN_FRAMEWORK_HEADER = YES;
				CLANG_WARN_RANGE_LOOP_ANALYSIS = YES;
				CLANG_WARN_STRICT_PROTOTYPES = YES;
				CLANG_WARN_SUSPICIOUS_MOVE = YES;
				CLANG_WARN_UNREACHABLE_CODE = YES;
				CLANG_WARN__DUPLICATE_METHOD_MATCH = YES;
				"CODE_SIGN_IDENTITY[sdk=iphoneos*]" = "iPhone Developer";
				COPY_PHASE_STRIP = NO;
				ENABLE_STRICT_OBJC_MSGSEND = YES;
				ENABLE_TESTABILITY = YES;
				"EXCLUDED_ARCHS[sdk=iphonesimulator*]" = "";
				GCC_C_LANGUAGE_STANDARD = gnu99;
				GCC_DYNAMIC_NO_PIC = NO;
				GCC_NO_COMMON_BLOCKS = YES;
				GCC_OPTIMIZATION_LEVEL = 0;
				GCC_PREPROCESSOR_DEFINITIONS = (
					"DEBUG=1",
					"$(inherited)",
				);
				GCC_SYMBOLS_PRIVATE_EXTERN = NO;
				GCC_WARN_64_TO_32_BIT_CONVERSION = YES;
				GCC_WARN_ABOUT_RETURN_TYPE = YES_ERROR;
				GCC_WARN_UNDECLARED_SELECTOR = YES;
				GCC_WARN_UNINITIALIZED_AUTOS = YES_AGGRESSIVE;
				GCC_WARN_UNUSED_FUNCTION = YES;
				GCC_WARN_UNUSED_VARIABLE = YES;
				IPHONEOS_DEPLOYMENT_TARGET = 12.4;
				LD_RUNPATH_SEARCH_PATHS = (
					/usr/lib/swift,
					"$(inherited)",
				);
				LIBRARY_SEARCH_PATHS = (
					"\"$(SDKROOT)/usr/lib/swift\"",
					"\"$(TOOLCHAIN_DIR)/usr/lib/swift/$(PLATFORM_NAME)\"",
					"\"$(inherited)\"",
				);
				MTL_ENABLE_DEBUG_INFO = YES;
				ONLY_ACTIVE_ARCH = YES;
				OTHER_CPLUSPLUSFLAGS = (
					"$(OTHER_CFLAGS)",
					"-DFOLLY_NO_CONFIG",
					"-DFOLLY_MOBILE=1",
					"-DFOLLY_USE_LIBCPP=1",
				);
				SDKROOT = iphoneos;
			};
			name = Debug;
		};
		83CBBA211A601CBA00E9B192 /* Release */ = {
			isa = XCBuildConfiguration;
			buildSettings = {
				ALWAYS_SEARCH_USER_PATHS = NO;
				CLANG_ANALYZER_LOCALIZABILITY_NONLOCALIZED = YES;
				CLANG_CXX_LANGUAGE_STANDARD = "c++17";
				CLANG_CXX_LIBRARY = "libc++";
				CLANG_ENABLE_MODULES = YES;
				CLANG_ENABLE_OBJC_ARC = YES;
				CLANG_WARN_BLOCK_CAPTURE_AUTORELEASING = YES;
				CLANG_WARN_BOOL_CONVERSION = YES;
				CLANG_WARN_COMMA = YES;
				CLANG_WARN_CONSTANT_CONVERSION = YES;
				CLANG_WARN_DEPRECATED_OBJC_IMPLEMENTATIONS = YES;
				CLANG_WARN_DIRECT_OBJC_ISA_USAGE = YES_ERROR;
				CLANG_WARN_EMPTY_BODY = YES;
				CLANG_WARN_ENUM_CONVERSION = YES;
				CLANG_WARN_INFINITE_RECURSION = YES;
				CLANG_WARN_INT_CONVERSION = YES;
				CLANG_WARN_NON_LITERAL_NULL_CONVERSION = YES;
				CLANG_WARN_OBJC_IMPLICIT_RETAIN_SELF = YES;
				CLANG_WARN_OBJC_LITERAL_CONVERSION = YES;
				CLANG_WARN_OBJC_ROOT_CLASS = YES_ERROR;
				CLANG_WARN_QUOTED_INCLUDE_IN_FRAMEWORK_HEADER = YES;
				CLANG_WARN_RANGE_LOOP_ANALYSIS = YES;
				CLANG_WARN_STRICT_PROTOTYPES = YES;
				CLANG_WARN_SUSPICIOUS_MOVE = YES;
				CLANG_WARN_UNREACHABLE_CODE = YES;
				CLANG_WARN__DUPLICATE_METHOD_MATCH = YES;
				"CODE_SIGN_IDENTITY[sdk=iphoneos*]" = "iPhone Developer";
				COPY_PHASE_STRIP = YES;
				ENABLE_NS_ASSERTIONS = NO;
				ENABLE_STRICT_OBJC_MSGSEND = YES;
				"EXCLUDED_ARCHS[sdk=iphonesimulator*]" = "";
				GCC_C_LANGUAGE_STANDARD = gnu99;
				GCC_NO_COMMON_BLOCKS = YES;
				GCC_WARN_64_TO_32_BIT_CONVERSION = YES;
				GCC_WARN_ABOUT_RETURN_TYPE = YES_ERROR;
				GCC_WARN_UNDECLARED_SELECTOR = YES;
				GCC_WARN_UNINITIALIZED_AUTOS = YES_AGGRESSIVE;
				GCC_WARN_UNUSED_FUNCTION = YES;
				GCC_WARN_UNUSED_VARIABLE = YES;
				IPHONEOS_DEPLOYMENT_TARGET = 12.4;
				LD_RUNPATH_SEARCH_PATHS = (
					/usr/lib/swift,
					"$(inherited)",
				);
				LIBRARY_SEARCH_PATHS = (
					"\"$(SDKROOT)/usr/lib/swift\"",
					"\"$(TOOLCHAIN_DIR)/usr/lib/swift/$(PLATFORM_NAME)\"",
					"\"$(inherited)\"",
				);
				MTL_ENABLE_DEBUG_INFO = NO;
				OTHER_CPLUSPLUSFLAGS = (
					"$(OTHER_CFLAGS)",
					"-DFOLLY_NO_CONFIG",
					"-DFOLLY_MOBILE=1",
					"-DFOLLY_USE_LIBCPP=1",
				);
				SDKROOT = iphoneos;
				VALIDATE_PRODUCT = YES;
			};
			name = Release;
		};
/* End XCBuildConfiguration section */

/* Begin XCConfigurationList section */
		00E357021AD99517003FC87E /* Build configuration list for PBXNativeTarget "MovieMiniaTests" */ = {
			isa = XCConfigurationList;
			buildConfigurations = (
				00E356F61AD99517003FC87E /* Debug */,
				00E356F71AD99517003FC87E /* Release */,
			);
			defaultConfigurationIsVisible = 0;
			defaultConfigurationName = Release;
		};
		13B07F931A680F5B00A75B9A /* Build configuration list for PBXNativeTarget "MovieMinia" */ = {
			isa = XCConfigurationList;
			buildConfigurations = (
				13B07F941A680F5B00A75B9A /* Debug */,
				13B07F951A680F5B00A75B9A /* Release */,
			);
			defaultConfigurationIsVisible = 0;
			defaultConfigurationName = Release;
		};
		83CBB9FA1A601CBA00E9B192 /* Build configuration list for PBXProject "MovieMinia" */ = {
			isa = XCConfigurationList;
			buildConfigurations = (
				83CBBA201A601CBA00E9B192 /* Debug */,
				83CBBA211A601CBA00E9B192 /* Release */,
			);
			defaultConfigurationIsVisible = 0;
			defaultConfigurationName = Release;
		};
/* End XCConfigurationList section */
	};
	rootObject = 83CBB9F71A601CBA00E9B192 /* Project object */;
}
